
Microsoft Visual Studio Solution File, Format Version 12.00
# Visual Studio Version 16
VisualStudioVersion = 16.0.29306.81
MinimumVisualStudioVersion = 10.0.40219.1
Project("{FAE04EC0-301F-11D3-BF4B-00C04F79EFBC}") = "Septiembre24", "Septiembre24\Septiembre24.csproj", "{526180D9-22BC-4EA5-8CB7-519E7DABE15A}"
EndProject
Project("{2150E333-8FDC-42A3-9474-1A3956D46DE8}") = "NewFolder1", "NewFolder1", "{9B2C9116-C04F-4CA4-8129-98371B1E0FAC}"
	ProjectSection(SolutionItems) = preProject
		Mantenedor Cliente.xmind = Mantenedor Cliente.xmind
	EndProjectSection
EndProject
Global
	GlobalSection(SolutionConfigurationPlatforms) = preSolution
		Debug|Any CPU = Debug|Any CPU
		Release|Any CPU = Release|Any CPU
	EndGlobalSection
	GlobalSection(ProjectConfigurationPlatforms) = postSolution
		{526180D9-22BC-4EA5-8CB7-519E7DABE15A}.Debug|Any CPU.ActiveCfg = Debug|Any CPU
		{526180D9-22BC-4EA5-8CB7-519E7DABE15A}.Debug|Any CPU.Build.0 = Debug|Any CPU
		{526180D9-22BC-4EA5-8CB7-519E7DABE15A}.Release|Any CPU.ActiveCfg = Release|Any CPU
		{526180D9-22BC-4EA5-8CB7-519E7DABE15A}.Release|Any CPU.Build.0 = Release|Any CPU
	EndGlobalSection
	GlobalSection(SolutionProperties) = preSolution
		HideSolutionNode = FALSE
	EndGlobalSection
	GlobalSection(ExtensibilityGlobals) = postSolution
		SolutionGuid = {E1C8A616-4990-4382-8B16-4BCEE780C536}
	EndGlobalSection
EndGlobal
